
Microsoft Visual Studio Solution File, Format Version 12.00
# Visual Studio Version 16
Project("{8BC9CEB8-8B4A-11D0-8D11-00A0C91BC942}") = "ALL_BUILD", "ALL_BUILD.vcxproj", "{463074F1-C3B5-388E-BE2A-ACB7E2B77433}"
	ProjectSection(ProjectDependencies) = postProject
		{87B1CFE4-5603-34A3-9070-DC087A8979FB} = {87B1CFE4-5603-34A3-9070-DC087A8979FB}
		{5EB8E04A-0C6E-3435-A3D5-69F309341374} = {5EB8E04A-0C6E-3435-A3D5-69F309341374}
		{ABBF9B24-9320-3380-A09B-9CD400A8C86A} = {ABBF9B24-9320-3380-A09B-9CD400A8C86A}
	EndProjectSection
EndProject
Project("{8BC9CEB8-8B4A-11D0-8D11-00A0C91BC942}") = "INSTALL", "INSTALL.vcxproj", "{4D07DA5C-D69A-3B82-AE36-4C0D048897AE}"
	ProjectSection(ProjectDependencies) = postProject
		{463074F1-C3B5-388E-BE2A-ACB7E2B77433} = {463074F1-C3B5-388E-BE2A-ACB7E2B77433}
		{87B1CFE4-5603-34A3-9070-DC087A8979FB} = {87B1CFE4-5603-34A3-9070-DC087A8979FB}
	EndProjectSection
EndProject
Project("{8BC9CEB8-8B4A-11D0-8D11-00A0C91BC942}") = "PACKAGE", "PACKAGE.vcxproj", "{D2409B90-08CA-3547-8501-16E4EA2D4107}"
	ProjectSection(ProjectDependencies) = postProject
		{463074F1-C3B5-388E-BE2A-ACB7E2B77433} = {463074F1-C3B5-388E-BE2A-ACB7E2B77433}
		{87B1CFE4-5603-34A3-9070-DC087A8979FB} = {87B1CFE4-5603-34A3-9070-DC087A8979FB}
	EndProjectSection
EndProject
Project("{8BC9CEB8-8B4A-11D0-8D11-00A0C91BC942}") = "RUN_TESTS", "RUN_TESTS.vcxproj", "{31388484-03A4-39DC-BFD3-EDA415930482}"
	ProjectSection(ProjectDependencies) = postProject
		{87B1CFE4-5603-34A3-9070-DC087A8979FB} = {87B1CFE4-5603-34A3-9070-DC087A8979FB}
	EndProjectSection
EndProject
Project("{8BC9CEB8-8B4A-11D0-8D11-00A0C91BC942}") = "ZERO_CHECK", "..\..\\ZERO_CHECK.vcxproj", "{87B1CFE4-5603-34A3-9070-DC087A8979FB}"
	ProjectSection(ProjectDependencies) = postProject
	EndProjectSection
EndProject
Project("{8BC9CEB8-8B4A-11D0-8D11-00A0C91BC942}") = "gtest", "gtest.vcxproj", "{5EB8E04A-0C6E-3435-A3D5-69F309341374}"
	ProjectSection(ProjectDependencies) = postProject
		{87B1CFE4-5603-34A3-9070-DC087A8979FB} = {87B1CFE4-5603-34A3-9070-DC087A8979FB}
	EndProjectSection
EndProject
Project("{8BC9CEB8-8B4A-11D0-8D11-00A0C91BC942}") = "gtest_main", "gtest_main.vcxproj", "{ABBF9B24-9320-3380-A09B-9CD400A8C86A}"
	ProjectSection(ProjectDependencies) = postProject
		{87B1CFE4-5603-34A3-9070-DC087A8979FB} = {87B1CFE4-5603-34A3-9070-DC087A8979FB}
		{5EB8E04A-0C6E-3435-A3D5-69F309341374} = {5EB8E04A-0C6E-3435-A3D5-69F309341374}
	EndProjectSection
EndProject
Global
	GlobalSection(SolutionConfigurationPlatforms) = preSolution
		Debug|x64 = Debug|x64
		Release|x64 = Release|x64
		MinSizeRel|x64 = MinSizeRel|x64
		RelWithDebInfo|x64 = RelWithDebInfo|x64
	EndGlobalSection
	GlobalSection(ProjectConfigurationPlatforms) = postSolution
		{463074F1-C3B5-388E-BE2A-ACB7E2B77433}.Debug|x64.ActiveCfg = Debug|x64
		{463074F1-C3B5-388E-BE2A-ACB7E2B77433}.Debug|x64.Build.0 = Debug|x64
		{463074F1-C3B5-388E-BE2A-ACB7E2B77433}.Release|x64.ActiveCfg = Release|x64
		{463074F1-C3B5-388E-BE2A-ACB7E2B77433}.Release|x64.Build.0 = Release|x64
		{463074F1-C3B5-388E-BE2A-ACB7E2B77433}.MinSizeRel|x64.ActiveCfg = MinSizeRel|x64
		{463074F1-C3B5-388E-BE2A-ACB7E2B77433}.MinSizeRel|x64.Build.0 = MinSizeRel|x64
		{463074F1-C3B5-388E-BE2A-ACB7E2B77433}.RelWithDebInfo|x64.ActiveCfg = RelWithDebInfo|x64
		{463074F1-C3B5-388E-BE2A-ACB7E2B77433}.RelWithDebInfo|x64.Build.0 = RelWithDebInfo|x64
		{4D07DA5C-D69A-3B82-AE36-4C0D048897AE}.Debug|x64.ActiveCfg = Debug|x64
		{4D07DA5C-D69A-3B82-AE36-4C0D048897AE}.Release|x64.ActiveCfg = Release|x64
		{4D07DA5C-D69A-3B82-AE36-4C0D048897AE}.MinSizeRel|x64.ActiveCfg = MinSizeRel|x64
		{4D07DA5C-D69A-3B82-AE36-4C0D048897AE}.RelWithDebInfo|x64.ActiveCfg = RelWithDebInfo|x64
		{D2409B90-08CA-3547-8501-16E4EA2D4107}.Debug|x64.ActiveCfg = Debug|x64
		{D2409B90-08CA-3547-8501-16E4EA2D4107}.Release|x64.ActiveCfg = Release|x64
		{D2409B90-08CA-3547-8501-16E4EA2D4107}.MinSizeRel|x64.ActiveCfg = MinSizeRel|x64
		{D2409B90-08CA-3547-8501-16E4EA2D4107}.RelWithDebInfo|x64.ActiveCfg = RelWithDebInfo|x64
		{31388484-03A4-39DC-BFD3-EDA415930482}.Debug|x64.ActiveCfg = Debug|x64
		{31388484-03A4-39DC-BFD3-EDA415930482}.Release|x64.ActiveCfg = Release|x64
		{31388484-03A4-39DC-BFD3-EDA415930482}.MinSizeRel|x64.ActiveCfg = MinSizeRel|x64
		{31388484-03A4-39DC-BFD3-EDA415930482}.RelWithDebInfo|x64.ActiveCfg = RelWithDebInfo|x64
		{87B1CFE4-5603-34A3-9070-DC087A8979FB}.Debug|x64.ActiveCfg = Debug|x64
		{87B1CFE4-5603-34A3-9070-DC087A8979FB}.Debug|x64.Build.0 = Debug|x64
		{87B1CFE4-5603-34A3-9070-DC087A8979FB}.Release|x64.ActiveCfg = Release|x64
		{87B1CFE4-5603-34A3-9070-DC087A8979FB}.Release|x64.Build.0 = Release|x64
		{87B1CFE4-5603-34A3-9070-DC087A8979FB}.MinSizeRel|x64.ActiveCfg = MinSizeRel|x64
		{87B1CFE4-5603-34A3-9070-DC087A8979FB}.MinSizeRel|x64.Build.0 = MinSizeRel|x64
		{87B1CFE4-5603-34A3-9070-DC087A8979FB}.RelWithDebInfo|x64.ActiveCfg = RelWithDebInfo|x64
		{87B1CFE4-5603-34A3-9070-DC087A8979FB}.RelWithDebInfo|x64.Build.0 = RelWithDebInfo|x64
		{5EB8E04A-0C6E-3435-A3D5-69F309341374}.Debug|x64.ActiveCfg = Debug|x64
		{5EB8E04A-0C6E-3435-A3D5-69F309341374}.Debug|x64.Build.0 = Debug|x64
		{5EB8E04A-0C6E-3435-A3D5-69F309341374}.Release|x64.ActiveCfg = Release|x64
		{5EB8E04A-0C6E-3435-A3D5-69F309341374}.Release|x64.Build.0 = Release|x64
		{5EB8E04A-0C6E-3435-A3D5-69F309341374}.MinSizeRel|x64.ActiveCfg = MinSizeRel|x64
		{5EB8E04A-0C6E-3435-A3D5-69F309341374}.MinSizeRel|x64.Build.0 = MinSizeRel|x64
		{5EB8E04A-0C6E-3435-A3D5-69F309341374}.RelWithDebInfo|x64.ActiveCfg = RelWithDebInfo|x64
		{5EB8E04A-0C6E-3435-A3D5-69F309341374}.RelWithDebInfo|x64.Build.0 = RelWithDebInfo|x64
		{ABBF9B24-9320-3380-A09B-9CD400A8C86A}.Debug|x64.ActiveCfg = Debug|x64
		{ABBF9B24-9320-3380-A09B-9CD400A8C86A}.Debug|x64.Build.0 = Debug|x64
		{ABBF9B24-9320-3380-A09B-9CD400A8C86A}.Release|x64.ActiveCfg = Release|x64
		{ABBF9B24-9320-3380-A09B-9CD400A8C86A}.Release|x64.Build.0 = Release|x64
		{ABBF9B24-9320-3380-A09B-9CD400A8C86A}.MinSizeRel|x64.ActiveCfg = MinSizeRel|x64
		{ABBF9B24-9320-3380-A09B-9CD400A8C86A}.MinSizeRel|x64.Build.0 = MinSizeRel|x64
		{ABBF9B24-9320-3380-A09B-9CD400A8C86A}.RelWithDebInfo|x64.ActiveCfg = RelWithDebInfo|x64
		{ABBF9B24-9320-3380-A09B-9CD400A8C86A}.RelWithDebInfo|x64.Build.0 = RelWithDebInfo|x64
	EndGlobalSection
	GlobalSection(ExtensibilityGlobals) = postSolution
		SolutionGuid = {A18C6423-F82B-38D4-867C-FC856C6901AF}
	EndGlobalSection
	GlobalSection(ExtensibilityAddIns) = postSolution
	EndGlobalSection
EndGlobal
